# generated by rye
# use `rye lock` or `rye sync` to update this lockfile
#
# last locked with the following flags:
#   pre: false
#   features: []
#   all-features: false

-e file:.
annotated-types==0.6.0
arpeggio==2.0.2
astroid==3.0.2
asttokens==2.4.1
attrs==23.2.0
bandit==1.7.6
black==23.12.1
boto3==1.34.11
botocore==1.34.11
certifi==2023.11.17
cffi==1.16.0
charset-normalizer==3.3.2
click==8.1.7
cryptography==41.0.7
decorator==5.1.1
dill==0.3.7
executing==2.0.1
flake8==6.1.0
freezegun==1.4.0
gitdb==4.0.11
gitpython==3.1.40
grpcio==1.56.2
idna==3.6
iniconfig==2.0.0
ipdb==0.13.13
ipython==8.19.0
isort==5.13.2
jedi==0.19.1
jinja2==3.1.2
jmespath==1.0.1
markdown-it-py==3.0.0
markupsafe==2.1.3
matplotlib-inline==0.1.6
mccabe==0.7.0
mdurl==0.1.2
moto==4.2.12
mypy-extensions==1.0.0
nodeenv==1.8.0
packaging==23.2
parso==0.8.3
parver==0.5
pathspec==0.12.1
pbr==6.0.0
pexpect==4.9.0
platformdirs==4.1.0
pluggy==1.3.0
prompt-toolkit==3.0.43
protobuf==4.25.1
ptyprocess==0.7.0
pulumi==3.99.0
pulumi-aws==6.17.0
pulumi-aws-apigateway==2.1.1
pure-eval==0.2.2
pycodestyle==2.11.1
pycparser==2.21
pydantic==2.5.3
pydantic-core==2.14.6
pydantic-settings==2.1.0
pyflakes==3.1.0
pygments==2.17.2
pylint==3.0.3
pyright==1.1.344
pytest==7.4.4
python-dateutil==2.8.2
python-dotenv==1.0.0
pyyaml==6.0.1
requests==2.31.0
responses==0.24.1
rich==13.7.0
ruff==0.1.9
s3transfer==0.10.0
semver==2.13.0
sentry-sdk==1.40.1
six==1.16.0
smmap==5.0.1
sqids==0.4.1
stack-data==0.6.3
stevedore==5.1.0
structlog==23.3.0
tomlkit==0.12.3
traitlets==5.14.0
typing-extensions==4.9.0
urllib3==1.26.18
wcwidth==0.2.12
werkzeug==3.0.1
xmltodict==0.13.0
# The following packages are considered to be unsafe in a requirements file:
pip==23.3.2
setuptools==69.0.3
