# generated by rye
# use `rye lock` or `rye sync` to update this lockfile
#
# last locked with the following flags:
#   pre: false
#   features: []
#   all-features: false

-e file:.
annotated-types==0.6.0
arpeggio==2.0.2
attrs==23.2.0
boto3==1.34.11
botocore==1.34.11
certifi==2023.11.17
cffi==1.16.0
charset-normalizer==3.3.2
cryptography==41.0.7
dill==0.3.7
grpcio==1.56.2
idna==3.6
jinja2==3.1.2
jmespath==1.0.1
markupsafe==2.1.3
moto==4.2.12
parver==0.5
protobuf==4.25.1
pulumi==3.99.0
pulumi-aws==6.17.0
pulumi-aws-apigateway==2.1.1
pycparser==2.21
pydantic==2.5.3
pydantic-core==2.14.6
pydantic-settings==2.1.0
python-dateutil==2.8.2
python-dotenv==1.0.0
pyyaml==6.0.1
requests==2.31.0
responses==0.24.1
s3transfer==0.10.0
semver==2.13.0
six==1.16.0
sqids==0.4.1
structlog==23.3.0
typing-extensions==4.9.0
urllib3==1.26.18
werkzeug==3.0.1
xmltodict==0.13.0
